
Microsoft Visual Studio Solution File, Format Version 12.00
# Visual Studio 15
Project("{FAE04EC0-301F-11D3-BF4B-00C04F79EFBC}") = "SonarrAutoImport", "SonarrAutoImport.csproj", "{F5742A36-74CF-4D89-9C5A-37814CEEB76A}"
EndProject
Global
	GlobalSection(SolutionConfigurationPlatforms) = preSolution
		Debug|Any CPU = Debug|Any CPU
		Release|Any CPU = Release|Any CPU
	EndGlobalSection
	GlobalSection(ProjectConfigurationPlatforms) = postSolution
		{F5742A36-74CF-4D89-9C5A-37814CEEB76A}.Debug|Any CPU.ActiveCfg = Debug|Any CPU
		{F5742A36-74CF-4D89-9C5A-37814CEEB76A}.Debug|Any CPU.Build.0 = Debug|Any CPU
		{F5742A36-74CF-4D89-9C5A-37814CEEB76A}.Release|Any CPU.ActiveCfg = Release|Any CPU
		{F5742A36-74CF-4D89-9C5A-37814CEEB76A}.Release|Any CPU.Build.0 = Release|Any CPU
	EndGlobalSection
EndGlobal
